// !$*UTF8*$!
{
	archiveVersion = 1;
	classes = {
	};
	objectVersion = 56;
	objects = {

/* Begin PBXBuildFile section */
		E40DE2BF2B76A487002644B1 /* MenuListViewModel.swift in Sources */ = {isa = PBXBuildFile; fileRef = E40DE2BE2B76A487002644B1 /* MenuListViewModel.swift */; };
		E4A702EF2B73A843004E657A /* Menu_ListApp.swift in Sources */ = {isa = PBXBuildFile; fileRef = E4A702EE2B73A843004E657A /* Menu_ListApp.swift */; };
		E4A702F12B73A843004E657A /* MenuTabView.swift in Sources */ = {isa = PBXBuildFile; fileRef = E4A702F02B73A843004E657A /* MenuTabView.swift */; };
		E4A702F32B73A845004E657A /* Assets.xcassets in Resources */ = {isa = PBXBuildFile; fileRef = E4A702F22B73A845004E657A /* Assets.xcassets */; };
		E4A702F62B73A845004E657A /* Preview Assets.xcassets in Resources */ = {isa = PBXBuildFile; fileRef = E4A702F52B73A845004E657A /* Preview Assets.xcassets */; };
		E4A702FD2B73A9D6004E657A /* MenuListView.swift in Sources */ = {isa = PBXBuildFile; fileRef = E4A702FC2B73A9D6004E657A /* MenuListView.swift */; };
		E4A702FF2B73A9E4004E657A /* AccountView.swift in Sources */ = {isa = PBXBuildFile; fileRef = E4A702FE2B73A9E4004E657A /* AccountView.swift */; };
		E4A703012B73A9F3004E657A /* OrderView.swift in Sources */ = {isa = PBXBuildFile; fileRef = E4A703002B73A9F3004E657A /* OrderView.swift */; };
		E4A703082B73D36A004E657A /* MenuListModel.swift in Sources */ = {isa = PBXBuildFile; fileRef = E4A703072B73D36A004E657A /* MenuListModel.swift */; };
		E4A7030A2B73E32F004E657A /* MenuListCell.swift in Sources */ = {isa = PBXBuildFile; fileRef = E4A703092B73E32F004E657A /* MenuListCell.swift */; };
		E4A7030D2B73E533004E657A /* NetworkManager.swift in Sources */ = {isa = PBXBuildFile; fileRef = E4A7030C2B73E533004E657A /* NetworkManager.swift */; };
		E4A7030F2B73E7D3004E657A /* MError.swift in Sources */ = {isa = PBXBuildFile; fileRef = E4A7030E2B73E7D3004E657A /* MError.swift */; };
/* End PBXBuildFile section */

/* Begin PBXFileReference section */
		E40DE2BE2B76A487002644B1 /* MenuListViewModel.swift */ = {isa = PBXFileReference; lastKnownFileType = sourcecode.swift; path = MenuListViewModel.swift; sourceTree = "<group>"; };
		E4A702EB2B73A843004E657A /* Menu-List.app */ = {isa = PBXFileReference; explicitFileType = wrapper.application; includeInIndex = 0; path = "Menu-List.app"; sourceTree = BUILT_PRODUCTS_DIR; };
		E4A702EE2B73A843004E657A /* Menu_ListApp.swift */ = {isa = PBXFileReference; lastKnownFileType = sourcecode.swift; path = Menu_ListApp.swift; sourceTree = "<group>"; };
		E4A702F02B73A843004E657A /* MenuTabView.swift */ = {isa = PBXFileReference; lastKnownFileType = sourcecode.swift; path = MenuTabView.swift; sourceTree = "<group>"; };
		E4A702F22B73A845004E657A /* Assets.xcassets */ = {isa = PBXFileReference; lastKnownFileType = folder.assetcatalog; path = Assets.xcassets; sourceTree = "<group>"; };
		E4A702F52B73A845004E657A /* Preview Assets.xcassets */ = {isa = PBXFileReference; lastKnownFileType = folder.assetcatalog; path = "Preview Assets.xcassets"; sourceTree = "<group>"; };
		E4A702FC2B73A9D6004E657A /* MenuListView.swift */ = {isa = PBXFileReference; lastKnownFileType = sourcecode.swift; path = MenuListView.swift; sourceTree = "<group>"; };
		E4A702FE2B73A9E4004E657A /* AccountView.swift */ = {isa = PBXFileReference; lastKnownFileType = sourcecode.swift; path = AccountView.swift; sourceTree = "<group>"; };
		E4A703002B73A9F3004E657A /* OrderView.swift */ = {isa = PBXFileReference; lastKnownFileType = sourcecode.swift; path = OrderView.swift; sourceTree = "<group>"; };
		E4A703072B73D36A004E657A /* MenuListModel.swift */ = {isa = PBXFileReference; lastKnownFileType = sourcecode.swift; path = MenuListModel.swift; sourceTree = "<group>"; };
		E4A703092B73E32F004E657A /* MenuListCell.swift */ = {isa = PBXFileReference; lastKnownFileType = sourcecode.swift; path = MenuListCell.swift; sourceTree = "<group>"; };
		E4A7030C2B73E533004E657A /* NetworkManager.swift */ = {isa = PBXFileReference; lastKnownFileType = sourcecode.swift; path = NetworkManager.swift; sourceTree = "<group>"; };
		E4A7030E2B73E7D3004E657A /* MError.swift */ = {isa = PBXFileReference; lastKnownFileType = sourcecode.swift; path = MError.swift; sourceTree = "<group>"; };
/* End PBXFileReference section */

/* Begin PBXFrameworksBuildPhase section */
		E4A702E82B73A843004E657A /* Frameworks */ = {
			isa = PBXFrameworksBuildPhase;
			buildActionMask = 2147483647;
			files = (
			);
			runOnlyForDeploymentPostprocessing = 0;
		};
/* End PBXFrameworksBuildPhase section */

/* Begin PBXGroup section */
		E4A702E22B73A843004E657A = {
			isa = PBXGroup;
			children = (
				E4A702ED2B73A843004E657A /* Menu-List */,
				E4A702EC2B73A843004E657A /* Products */,
			);
			sourceTree = "<group>";
		};
		E4A702EC2B73A843004E657A /* Products */ = {
			isa = PBXGroup;
			children = (
				E4A702EB2B73A843004E657A /* Menu-List.app */,
			);
			name = Products;
			sourceTree = "<group>";
		};
		E4A702ED2B73A843004E657A /* Menu-List */ = {
			isa = PBXGroup;
			children = (
				E4A702EE2B73A843004E657A /* Menu_ListApp.swift */,
				E4A703042B73B323004E657A /* Views */,
				E4A703032B73B313004E657A /* ViewModels */,
				E4A703022B73B309004E657A /* Models */,
				E4A703062B73B624004E657A /* Support */,
				E4A702F42B73A845004E657A /* Preview Content */,
			);
			path = "Menu-List";
			sourceTree = "<group>";
		};
		E4A702F42B73A845004E657A /* Preview Content */ = {
			isa = PBXGroup;
			children = (
				E4A702F52B73A845004E657A /* Preview Assets.xcassets */,
			);
			path = "Preview Content";
			sourceTree = "<group>";
		};
		E4A703022B73B309004E657A /* Models */ = {
			isa = PBXGroup;
			children = (
				E4A703072B73D36A004E657A /* MenuListModel.swift */,
			);
			path = Models;
			sourceTree = "<group>";
		};
		E4A703032B73B313004E657A /* ViewModels */ = {
			isa = PBXGroup;
			children = (
				E40DE2BE2B76A487002644B1 /* MenuListViewModel.swift */,
			);
			path = ViewModels;
			sourceTree = "<group>";
		};
		E4A703042B73B323004E657A /* Views */ = {
			isa = PBXGroup;
			children = (
				E4A7030B2B73E35D004E657A /* Detail */,
				E4A703052B73B5F6004E657A /* Main */,
			);
			path = Views;
			sourceTree = "<group>";
		};
		E4A703052B73B5F6004E657A /* Main */ = {
			isa = PBXGroup;
			children = (
				E4A702F02B73A843004E657A /* MenuTabView.swift */,
				E4A702FC2B73A9D6004E657A /* MenuListView.swift */,
				E4A702FE2B73A9E4004E657A /* AccountView.swift */,
				E4A703002B73A9F3004E657A /* OrderView.swift */,
			);
			path = Main;
			sourceTree = "<group>";
		};
		E4A703062B73B624004E657A /* Support */ = {
			isa = PBXGroup;
			children = (
				E4A702F22B73A845004E657A /* Assets.xcassets */,
				E4A7030C2B73E533004E657A /* NetworkManager.swift */,
				E4A7030E2B73E7D3004E657A /* MError.swift */,
			);
			path = Support;
			sourceTree = "<group>";
		};
		E4A7030B2B73E35D004E657A /* Detail */ = {
			isa = PBXGroup;
			children = (
				E4A703092B73E32F004E657A /* MenuListCell.swift */,
			);
			path = Detail;
			sourceTree = "<group>";
		};
/* End PBXGroup section */

/* Begin PBXNativeTarget section */
		E4A702EA2B73A843004E657A /* Menu-List */ = {
			isa = PBXNativeTarget;
			buildConfigurationList = E4A702F92B73A845004E657A /* Build configuration list for PBXNativeTarget "Menu-List" */;
			buildPhases = (
				E4A702E72B73A843004E657A /* Sources */,
				E4A702E82B73A843004E657A /* Frameworks */,
				E4A702E92B73A843004E657A /* Resources */,
			);
			buildRules = (
			);
			dependencies = (
			);
			name = "Menu-List";
			productName = "Menu-List";
			productReference = E4A702EB2B73A843004E657A /* Menu-List.app */;
			productType = "com.apple.product-type.application";
		};
/* End PBXNativeTarget section */

/* Begin PBXProject section */
		E4A702E32B73A843004E657A /* Project object */ = {
			isa = PBXProject;
			attributes = {
				BuildIndependentTargetsInParallel = 1;
				LastSwiftUpdateCheck = 1520;
				LastUpgradeCheck = 1520;
				TargetAttributes = {
					E4A702EA2B73A843004E657A = {
						CreatedOnToolsVersion = 15.2;
					};
				};
			};
			buildConfigurationList = E4A702E62B73A843004E657A /* Build configuration list for PBXProject "Menu-List" */;
			compatibilityVersion = "Xcode 14.0";
			developmentRegion = en;
			hasScannedForEncodings = 0;
			knownRegions = (
				en,
				Base,
			);
			mainGroup = E4A702E22B73A843004E657A;
			productRefGroup = E4A702EC2B73A843004E657A /* Products */;
			projectDirPath = "";
			projectRoot = "";
			targets = (
				E4A702EA2B73A843004E657A /* Menu-List */,
			);
		};
/* End PBXProject section */

/* Begin PBXResourcesBuildPhase section */
		E4A702E92B73A843004E657A /* Resources */ = {
			isa = PBXResourcesBuildPhase;
			buildActionMask = 2147483647;
			files = (
				E4A702F62B73A845004E657A /* Preview Assets.xcassets in Resources */,
				E4A702F32B73A845004E657A /* Assets.xcassets in Resources */,
			);
			runOnlyForDeploymentPostprocessing = 0;
		};
/* End PBXResourcesBuildPhase section */

/* Begin PBXSourcesBuildPhase section */
		E4A702E72B73A843004E657A /* Sources */ = {
			isa = PBXSourcesBuildPhase;
			buildActionMask = 2147483647;
			files = (
				E4A702FF2B73A9E4004E657A /* AccountView.swift in Sources */,
				E4A7030F2B73E7D3004E657A /* MError.swift in Sources */,
				E4A7030A2B73E32F004E657A /* MenuListCell.swift in Sources */,
				E4A702FD2B73A9D6004E657A /* MenuListView.swift in Sources */,
				E4A703082B73D36A004E657A /* MenuListModel.swift in Sources */,
				E4A7030D2B73E533004E657A /* NetworkManager.swift in Sources */,
				E4A702F12B73A843004E657A /* MenuTabView.swift in Sources */,
				E4A702EF2B73A843004E657A /* Menu_ListApp.swift in Sources */,
				E4A703012B73A9F3004E657A /* OrderView.swift in Sources */,
				E40DE2BF2B76A487002644B1 /* MenuListViewModel.swift in Sources */,
			);
			runOnlyForDeploymentPostprocessing = 0;
		};
/* End PBXSourcesBuildPhase section */

/* Begin XCBuildConfiguration section */
		E4A702F72B73A845004E657A /* Debug */ = {
			isa = XCBuildConfiguration;
			buildSettings = {
				ALWAYS_SEARCH_USER_PATHS = NO;
				ASSETCATALOG_COMPILER_GENERATE_SWIFT_ASSET_SYMBOL_EXTENSIONS = YES;
				CLANG_ANALYZER_NONNULL = YES;
				CLANG_ANALYZER_NUMBER_OBJECT_CONVERSION = YES_AGGRESSIVE;
				CLANG_CXX_LANGUAGE_STANDARD = "gnu++20";
				CLANG_ENABLE_MODULES = YES;
				CLANG_ENABLE_OBJC_ARC = YES;
				CLANG_ENABLE_OBJC_WEAK = YES;
				CLANG_WARN_BLOCK_CAPTURE_AUTORELEASING = YES;
				CLANG_WARN_BOOL_CONVERSION = YES;
				CLANG_WARN_COMMA = YES;
				CLANG_WARN_CONSTANT_CONVERSION = YES;
				CLANG_WARN_DEPRECATED_OBJC_IMPLEMENTATIONS = YES;
				CLANG_WARN_DIRECT_OBJC_ISA_USAGE = YES_ERROR;
				CLANG_WARN_DOCUMENTATION_COMMENTS = YES;
				CLANG_WARN_EMPTY_BODY = YES;
				CLANG_WARN_ENUM_CONVERSION = YES;
				CLANG_WARN_INFINITE_RECURSION = YES;
				CLANG_WARN_INT_CONVERSION = YES;
				CLANG_WARN_NON_LITERAL_NULL_CONVERSION = YES;
				CLANG_WARN_OBJC_IMPLICIT_RETAIN_SELF = YES;
				CLANG_WARN_OBJC_LITERAL_CONVERSION = YES;
				CLANG_WARN_OBJC_ROOT_CLASS = YES_ERROR;
				CLANG_WARN_QUOTED_INCLUDE_IN_FRAMEWORK_HEADER = YES;
				CLANG_WARN_RANGE_LOOP_ANALYSIS = YES;
				CLANG_WARN_STRICT_PROTOTYPES = YES;
				CLANG_WARN_SUSPICIOUS_MOVE = YES;
				CLANG_WARN_UNGUARDED_AVAILABILITY = YES_AGGRESSIVE;
				CLANG_WARN_UNREACHABLE_CODE = YES;
				CLANG_WARN__DUPLICATE_METHOD_MATCH = YES;
				COPY_PHASE_STRIP = NO;
				DEBUG_INFORMATION_FORMAT = dwarf;
				ENABLE_STRICT_OBJC_MSGSEND = YES;
				ENABLE_TESTABILITY = YES;
				ENABLE_USER_SCRIPT_SANDBOXING = YES;
				GCC_C_LANGUAGE_STANDARD = gnu17;
				GCC_DYNAMIC_NO_PIC = NO;
				GCC_NO_COMMON_BLOCKS = YES;
				GCC_OPTIMIZATION_LEVEL = 0;
				GCC_PREPROCESSOR_DEFINITIONS = (
					"DEBUG=1",
					"$(inherited)",
				);
				GCC_WARN_64_TO_32_BIT_CONVERSION = YES;
				GCC_WARN_ABOUT_RETURN_TYPE = YES_ERROR;
				GCC_WARN_UNDECLARED_SELECTOR = YES;
				GCC_WARN_UNINITIALIZED_AUTOS = YES_AGGRESSIVE;
				GCC_WARN_UNUSED_FUNCTION = YES;
				GCC_WARN_UNUSED_VARIABLE = YES;
				IPHONEOS_DEPLOYMENT_TARGET = 14.0;
				LOCALIZATION_PREFERS_STRING_CATALOGS = YES;
				MTL_ENABLE_DEBUG_INFO = INCLUDE_SOURCE;
				MTL_FAST_MATH = YES;
				ONLY_ACTIVE_ARCH = YES;
				SDKROOT = iphoneos;
				SWIFT_ACTIVE_COMPILATION_CONDITIONS = "DEBUG $(inherited)";
				SWIFT_OPTIMIZATION_LEVEL = "-Onone";
			};
			name = Debug;
		};
		E4A702F82B73A845004E657A /* Release */ = {
			isa = XCBuildConfiguration;
			buildSettings = {
				ALWAYS_SEARCH_USER_PATHS = NO;
				ASSETCATALOG_COMPILER_GENERATE_SWIFT_ASSET_SYMBOL_EXTENSIONS = YES;
				CLANG_ANALYZER_NONNULL = YES;
				CLANG_ANALYZER_NUMBER_OBJECT_CONVERSION = YES_AGGRESSIVE;
				CLANG_CXX_LANGUAGE_STANDARD = "gnu++20";
				CLANG_ENABLE_MODULES = YES;
				CLANG_ENABLE_OBJC_ARC = YES;
				CLANG_ENABLE_OBJC_WEAK = YES;
				CLANG_WARN_BLOCK_CAPTURE_AUTORELEASING = YES;
				CLANG_WARN_BOOL_CONVERSION = YES;
				CLANG_WARN_COMMA = YES;
				CLANG_WARN_CONSTANT_CONVERSION = YES;
				CLANG_WARN_DEPRECATED_OBJC_IMPLEMENTATIONS = YES;
				CLANG_WARN_DIRECT_OBJC_ISA_USAGE = YES_ERROR;
				CLANG_WARN_DOCUMENTATION_COMMENTS = YES;
				CLANG_WARN_EMPTY_BODY = YES;
				CLANG_WARN_ENUM_CONVERSION = YES;
				CLANG_WARN_INFINITE_RECURSION = YES;
				CLANG_WARN_INT_CONVERSION = YES;
				CLANG_WARN_NON_LITERAL_NULL_CONVERSION = YES;
				CLANG_WARN_OBJC_IMPLICIT_RETAIN_SELF = YES;
				CLANG_WARN_OBJC_LITERAL_CONVERSION = YES;
				CLANG_WARN_OBJC_ROOT_CLASS = YES_ERROR;
				CLANG_WARN_QUOTED_INCLUDE_IN_FRAMEWORK_HEADER = YES;
				CLANG_WARN_RANGE_LOOP_ANALYSIS = YES;
				CLANG_WARN_STRICT_PROTOTYPES = YES;
				CLANG_WARN_SUSPICIOUS_MOVE = YES;
				CLANG_WARN_UNGUARDED_AVAILABILITY = YES_AGGRESSIVE;
				CLANG_WARN_UNREACHABLE_CODE = YES;
				CLANG_WARN__DUPLICATE_METHOD_MATCH = YES;
				COPY_PHASE_STRIP = NO;
				DEBUG_INFORMATION_FORMAT = "dwarf-with-dsym";
				ENABLE_NS_ASSERTIONS = NO;
				ENABLE_STRICT_OBJC_MSGSEND = YES;
				ENABLE_USER_SCRIPT_SANDBOXING = YES;
				GCC_C_LANGUAGE_STANDARD = gnu17;
				GCC_NO_COMMON_BLOCKS = YES;
				GCC_WARN_64_TO_32_BIT_CONVERSION = YES;
				GCC_WARN_ABOUT_RETURN_TYPE = YES_ERROR;
				GCC_WARN_UNDECLARED_SELECTOR = YES;
				GCC_WARN_UNINITIALIZED_AUTOS = YES_AGGRESSIVE;
				GCC_WARN_UNUSED_FUNCTION = YES;
				GCC_WARN_UNUSED_VARIABLE = YES;
				IPHONEOS_DEPLOYMENT_TARGET = 14.0;
				LOCALIZATION_PREFERS_STRING_CATALOGS = YES;
				MTL_ENABLE_DEBUG_INFO = NO;
				MTL_FAST_MATH = YES;
				SDKROOT = iphoneos;
				SWIFT_COMPILATION_MODE = wholemodule;
				VALIDATE_PRODUCT = YES;
			};
			name = Release;
		};
		E4A702FA2B73A845004E657A /* Debug */ = {
			isa = XCBuildConfiguration;
			buildSettings = {
				ASSETCATALOG_COMPILER_APPICON_NAME = AppIcon;
				ASSETCATALOG_COMPILER_GLOBAL_ACCENT_COLOR_NAME = AccentColor;
				CODE_SIGN_STYLE = Automatic;
				CURRENT_PROJECT_VERSION = 1;
				DEVELOPMENT_ASSET_PATHS = "\"Menu-List/Preview Content\"";
				DEVELOPMENT_TEAM = 748RM22H5Z;
				ENABLE_PREVIEWS = YES;
				GENERATE_INFOPLIST_FILE = YES;
				INFOPLIST_KEY_UIApplicationSceneManifest_Generation = YES;
				INFOPLIST_KEY_UIApplicationSupportsIndirectInputEvents = YES;
				INFOPLIST_KEY_UILaunchScreen_Generation = YES;
				INFOPLIST_KEY_UISupportedInterfaceOrientations_iPad = "UIInterfaceOrientationPortrait UIInterfaceOrientationPortraitUpsideDown UIInterfaceOrientationLandscapeLeft UIInterfaceOrientationLandscapeRight";
				INFOPLIST_KEY_UISupportedInterfaceOrientations_iPhone = "UIInterfaceOrientationPortrait UIInterfaceOrientationLandscapeLeft UIInterfaceOrientationLandscapeRight";
				LD_RUNPATH_SEARCH_PATHS = (
					"$(inherited)",
					"@executable_path/Frameworks",
				);
				MARKETING_VERSION = 1.0;
				PRODUCT_BUNDLE_IDENTIFIER = "EliId.Menu-List";
				PRODUCT_NAME = "$(TARGET_NAME)";
				SWIFT_EMIT_LOC_STRINGS = YES;
				SWIFT_VERSION = 5.0;
				TARGETED_DEVICE_FAMILY = "1,2";
			};
			name = Debug;
		};
		E4A702FB2B73A845004E657A /* Release */ = {
			isa = XCBuildConfiguration;
			buildSettings = {
				ASSETCATALOG_COMPILER_APPICON_NAME = AppIcon;
				ASSETCATALOG_COMPILER_GLOBAL_ACCENT_COLOR_NAME = AccentColor;
				CODE_SIGN_STYLE = Automatic;
				CURRENT_PROJECT_VERSION = 1;
				DEVELOPMENT_ASSET_PATHS = "\"Menu-List/Preview Content\"";
				DEVELOPMENT_TEAM = 748RM22H5Z;
				ENABLE_PREVIEWS = YES;
				GENERATE_INFOPLIST_FILE = YES;
				INFOPLIST_KEY_UIApplicationSceneManifest_Generation = YES;
				INFOPLIST_KEY_UIApplicationSupportsIndirectInputEvents = YES;
				INFOPLIST_KEY_UILaunchScreen_Generation = YES;
				INFOPLIST_KEY_UISupportedInterfaceOrientations_iPad = "UIInterfaceOrientationPortrait UIInterfaceOrientationPortraitUpsideDown UIInterfaceOrientationLandscapeLeft UIInterfaceOrientationLandscapeRight";
				INFOPLIST_KEY_UISupportedInterfaceOrientations_iPhone = "UIInterfaceOrientationPortrait UIInterfaceOrientationLandscapeLeft UIInterfaceOrientationLandscapeRight";
				LD_RUNPATH_SEARCH_PATHS = (
					"$(inherited)",
					"@executable_path/Frameworks",
				);
				MARKETING_VERSION = 1.0;
				PRODUCT_BUNDLE_IDENTIFIER = "EliId.Menu-List";
				PRODUCT_NAME = "$(TARGET_NAME)";
				SWIFT_EMIT_LOC_STRINGS = YES;
				SWIFT_VERSION = 5.0;
				TARGETED_DEVICE_FAMILY = "1,2";
			};
			name = Release;
		};
/* End XCBuildConfiguration section */

/* Begin XCConfigurationList section */
		E4A702E62B73A843004E657A /* Build configuration list for PBXProject "Menu-List" */ = {
			isa = XCConfigurationList;
			buildConfigurations = (
				E4A702F72B73A845004E657A /* Debug */,
				E4A702F82B73A845004E657A /* Release */,
			);
			defaultConfigurationIsVisible = 0;
			defaultConfigurationName = Release;
		};
		E4A702F92B73A845004E657A /* Build configuration list for PBXNativeTarget "Menu-List" */ = {
			isa = XCConfigurationList;
			buildConfigurations = (
				E4A702FA2B73A845004E657A /* Debug */,
				E4A702FB2B73A845004E657A /* Release */,
			);
			defaultConfigurationIsVisible = 0;
			defaultConfigurationName = Release;
		};
/* End XCConfigurationList section */
	};
	rootObject = E4A702E32B73A843004E657A /* Project object */;
}
